// !$*UTF8*$!
{
	archiveVersion = 1;
	classes = {
	};
	objectVersion = 50;
	objects = {

/* Begin PBXBuildFile section */
		910B909E263BC273005080F9 /* NoteViewController.swift in Sources */ = {isa = PBXBuildFile; fileRef = 910B909D263BC273005080F9 /* NoteViewController.swift */; };
		910DE10426322AFD00D53A41 /* AppDelegate.swift in Sources */ = {isa = PBXBuildFile; fileRef = 910DE10326322AFD00D53A41 /* AppDelegate.swift */; };
		910DE10626322AFD00D53A41 /* SceneDelegate.swift in Sources */ = {isa = PBXBuildFile; fileRef = 910DE10526322AFD00D53A41 /* SceneDelegate.swift */; };
		910DE10826322AFD00D53A41 /* CheckListViewController.swift in Sources */ = {isa = PBXBuildFile; fileRef = 910DE10726322AFD00D53A41 /* CheckListViewController.swift */; };
		910DE10B26322AFD00D53A41 /* Main.storyboard in Resources */ = {isa = PBXBuildFile; fileRef = 910DE10926322AFD00D53A41 /* Main.storyboard */; };
		910DE10D26322B0400D53A41 /* Assets.xcassets in Resources */ = {isa = PBXBuildFile; fileRef = 910DE10C26322B0400D53A41 /* Assets.xcassets */; };
		910DE11026322B0400D53A41 /* LaunchScreen.storyboard in Resources */ = {isa = PBXBuildFile; fileRef = 910DE10E26322B0400D53A41 /* LaunchScreen.storyboard */; };
		910DE11A26322BC800D53A41 /* addItemViewController.swift in Sources */ = {isa = PBXBuildFile; fileRef = 910DE11926322BC800D53A41 /* addItemViewController.swift */; };
		919EC34C2633696000AD9B2D /* Constants.swift in Sources */ = {isa = PBXBuildFile; fileRef = 919EC34B2633696000AD9B2D /* Constants.swift */; };
/* End PBXBuildFile section */

/* Begin PBXFileReference section */
		910B909D263BC273005080F9 /* NoteViewController.swift */ = {isa = PBXFileReference; lastKnownFileType = sourcecode.swift; path = NoteViewController.swift; sourceTree = "<group>"; };
		910DE10026322AFD00D53A41 /* checkList.app */ = {isa = PBXFileReference; explicitFileType = wrapper.application; includeInIndex = 0; path = checkList.app; sourceTree = BUILT_PRODUCTS_DIR; };
		910DE10326322AFD00D53A41 /* AppDelegate.swift */ = {isa = PBXFileReference; lastKnownFileType = sourcecode.swift; path = AppDelegate.swift; sourceTree = "<group>"; };
		910DE10526322AFD00D53A41 /* SceneDelegate.swift */ = {isa = PBXFileReference; lastKnownFileType = sourcecode.swift; path = SceneDelegate.swift; sourceTree = "<group>"; };
		910DE10726322AFD00D53A41 /* CheckListViewController.swift */ = {isa = PBXFileReference; lastKnownFileType = sourcecode.swift; path = CheckListViewController.swift; sourceTree = "<group>"; };
		910DE10A26322AFD00D53A41 /* Base */ = {isa = PBXFileReference; lastKnownFileType = file.storyboard; name = Base; path = Base.lproj/Main.storyboard; sourceTree = "<group>"; };
		910DE10C26322B0400D53A41 /* Assets.xcassets */ = {isa = PBXFileReference; lastKnownFileType = folder.assetcatalog; path = Assets.xcassets; sourceTree = "<group>"; };
		910DE10F26322B0400D53A41 /* Base */ = {isa = PBXFileReference; lastKnownFileType = file.storyboard; name = Base; path = Base.lproj/LaunchScreen.storyboard; sourceTree = "<group>"; };
		910DE11126322B0400D53A41 /* Info.plist */ = {isa = PBXFileReference; lastKnownFileType = text.plist.xml; path = Info.plist; sourceTree = "<group>"; };
		910DE11926322BC800D53A41 /* addItemViewController.swift */ = {isa = PBXFileReference; lastKnownFileType = sourcecode.swift; path = addItemViewController.swift; sourceTree = "<group>"; };
		919EC34B2633696000AD9B2D /* Constants.swift */ = {isa = PBXFileReference; lastKnownFileType = sourcecode.swift; path = Constants.swift; sourceTree = "<group>"; };
/* End PBXFileReference section */

/* Begin PBXFrameworksBuildPhase section */
		910DE0FD26322AFD00D53A41 /* Frameworks */ = {
			isa = PBXFrameworksBuildPhase;
			buildActionMask = 2147483647;
			files = (
			);
			runOnlyForDeploymentPostprocessing = 0;
		};
/* End PBXFrameworksBuildPhase section */

/* Begin PBXGroup section */
		910DE0F726322AFD00D53A41 = {
			isa = PBXGroup;
			children = (
				910DE10226322AFD00D53A41 /* checkList */,
				910DE10126322AFD00D53A41 /* Products */,
			);
			sourceTree = "<group>";
		};
		910DE10126322AFD00D53A41 /* Products */ = {
			isa = PBXGroup;
			children = (
				910DE10026322AFD00D53A41 /* checkList.app */,
			);
			name = Products;
			sourceTree = "<group>";
		};
		910DE10226322AFD00D53A41 /* checkList */ = {
			isa = PBXGroup;
			children = (
				919EC34E2633699900AD9B2D /* Helpers */,
				919EC34F26336A2500AD9B2D /* ViewControllers */,
				910DE10326322AFD00D53A41 /* AppDelegate.swift */,
				910DE10526322AFD00D53A41 /* SceneDelegate.swift */,
				910DE10926322AFD00D53A41 /* Main.storyboard */,
				910DE10C26322B0400D53A41 /* Assets.xcassets */,
				910DE10E26322B0400D53A41 /* LaunchScreen.storyboard */,
				910DE11126322B0400D53A41 /* Info.plist */,
			);
			path = checkList;
			sourceTree = "<group>";
		};
		919EC34E2633699900AD9B2D /* Helpers */ = {
			isa = PBXGroup;
			children = (
				919EC34B2633696000AD9B2D /* Constants.swift */,
			);
			path = Helpers;
			sourceTree = "<group>";
		};
		919EC34F26336A2500AD9B2D /* ViewControllers */ = {
			isa = PBXGroup;
			children = (
				910DE10726322AFD00D53A41 /* CheckListViewController.swift */,
				910DE11926322BC800D53A41 /* addItemViewController.swift */,
				910B909D263BC273005080F9 /* NoteViewController.swift */,
			);
			path = ViewControllers;
			sourceTree = "<group>";
		};
/* End PBXGroup section */

/* Begin PBXNativeTarget section */
		910DE0FF26322AFD00D53A41 /* checkList */ = {
			isa = PBXNativeTarget;
			buildConfigurationList = 910DE11426322B0400D53A41 /* Build configuration list for PBXNativeTarget "checkList" */;
			buildPhases = (
				910DE0FC26322AFD00D53A41 /* Sources */,
				910DE0FD26322AFD00D53A41 /* Frameworks */,
				910DE0FE26322AFD00D53A41 /* Resources */,
			);
			buildRules = (
			);
			dependencies = (
			);
			name = checkList;
			productName = checkList;
			productReference = 910DE10026322AFD00D53A41 /* checkList.app */;
			productType = "com.apple.product-type.application";
		};
/* End PBXNativeTarget section */

/* Begin PBXProject section */
		910DE0F826322AFD00D53A41 /* Project object */ = {
			isa = PBXProject;
			attributes = {
				LastSwiftUpdateCheck = 1240;
				LastUpgradeCheck = 1240;
				TargetAttributes = {
					910DE0FF26322AFD00D53A41 = {
						CreatedOnToolsVersion = 12.4;
					};
				};
			};
			buildConfigurationList = 910DE0FB26322AFD00D53A41 /* Build configuration list for PBXProject "checkList" */;
			compatibilityVersion = "Xcode 9.3";
			developmentRegion = en;
			hasScannedForEncodings = 0;
			knownRegions = (
				en,
				Base,
			);
			mainGroup = 910DE0F726322AFD00D53A41;
			productRefGroup = 910DE10126322AFD00D53A41 /* Products */;
			projectDirPath = "";
			projectRoot = "";
			targets = (
				910DE0FF26322AFD00D53A41 /* checkList */,
			);
		};
/* End PBXProject section */

/* Begin PBXResourcesBuildPhase section */
		910DE0FE26322AFD00D53A41 /* Resources */ = {
			isa = PBXResourcesBuildPhase;
			buildActionMask = 2147483647;
			files = (
				910DE11026322B0400D53A41 /* LaunchScreen.storyboard in Resources */,
				910DE10D26322B0400D53A41 /* Assets.xcassets in Resources */,
				910DE10B26322AFD00D53A41 /* Main.storyboard in Resources */,
			);
			runOnlyForDeploymentPostprocessing = 0;
		};
/* End PBXResourcesBuildPhase section */

/* Begin PBXSourcesBuildPhase section */
		910DE0FC26322AFD00D53A41 /* Sources */ = {
			isa = PBXSourcesBuildPhase;
			buildActionMask = 2147483647;
			files = (
				919EC34C2633696000AD9B2D /* Constants.swift in Sources */,
				910DE11A26322BC800D53A41 /* addItemViewController.swift in Sources */,
				910DE10826322AFD00D53A41 /* CheckListViewController.swift in Sources */,
				910DE10426322AFD00D53A41 /* AppDelegate.swift in Sources */,
				910B909E263BC273005080F9 /* NoteViewController.swift in Sources */,
				910DE10626322AFD00D53A41 /* SceneDelegate.swift in Sources */,
			);
			runOnlyForDeploymentPostprocessing = 0;
		};
/* End PBXSourcesBuildPhase section */

/* Begin PBXVariantGroup section */
		910DE10926322AFD00D53A41 /* Main.storyboard */ = {
			isa = PBXVariantGroup;
			children = (
				910DE10A26322AFD00D53A41 /* Base */,
			);
			name = Main.storyboard;
			sourceTree = "<group>";
		};
		910DE10E26322B0400D53A41 /* LaunchScreen.storyboard */ = {
			isa = PBXVariantGroup;
			children = (
				910DE10F26322B0400D53A41 /* Base */,
			);
			name = LaunchScreen.storyboard;
			sourceTree = "<group>";
		};
/* End PBXVariantGroup section */

/* Begin XCBuildConfiguration section */
		910DE11226322B0400D53A41 /* Debug */ = {
			isa = XCBuildConfiguration;
			buildSettings = {
				ALWAYS_SEARCH_USER_PATHS = NO;
				CLANG_ANALYZER_NONNULL = YES;
				CLANG_ANALYZER_NUMBER_OBJECT_CONVERSION = YES_AGGRESSIVE;
				CLANG_CXX_LANGUAGE_STANDARD = "gnu++14";
				CLANG_CXX_LIBRARY = "libc++";
				CLANG_ENABLE_MODULES = YES;
				CLANG_ENABLE_OBJC_ARC = YES;
				CLANG_ENABLE_OBJC_WEAK = YES;
				CLANG_WARN_BLOCK_CAPTURE_AUTORELEASING = YES;
				CLANG_WARN_BOOL_CONVERSION = YES;
				CLANG_WARN_COMMA = YES;
				CLANG_WARN_CONSTANT_CONVERSION = YES;
				CLANG_WARN_DEPRECATED_OBJC_IMPLEMENTATIONS = YES;
				CLANG_WARN_DIRECT_OBJC_ISA_USAGE = YES_ERROR;
				CLANG_WARN_DOCUMENTATION_COMMENTS = YES;
				CLANG_WARN_EMPTY_BODY = YES;
				CLANG_WARN_ENUM_CONVERSION = YES;
				CLANG_WARN_INFINITE_RECURSION = YES;
				CLANG_WARN_INT_CONVERSION = YES;
				CLANG_WARN_NON_LITERAL_NULL_CONVERSION = YES;
				CLANG_WARN_OBJC_IMPLICIT_RETAIN_SELF = YES;
				CLANG_WARN_OBJC_LITERAL_CONVERSION = YES;
				CLANG_WARN_OBJC_ROOT_CLASS = YES_ERROR;
				CLANG_WARN_QUOTED_INCLUDE_IN_FRAMEWORK_HEADER = YES;
				CLANG_WARN_RANGE_LOOP_ANALYSIS = YES;
				CLANG_WARN_STRICT_PROTOTYPES = YES;
				CLANG_WARN_SUSPICIOUS_MOVE = YES;
				CLANG_WARN_UNGUARDED_AVAILABILITY = YES_AGGRESSIVE;
				CLANG_WARN_UNREACHABLE_CODE = YES;
				CLANG_WARN__DUPLICATE_METHOD_MATCH = YES;
				COPY_PHASE_STRIP = NO;
				DEBUG_INFORMATION_FORMAT = dwarf;
				ENABLE_STRICT_OBJC_MSGSEND = YES;
				ENABLE_TESTABILITY = YES;
				GCC_C_LANGUAGE_STANDARD = gnu11;
				GCC_DYNAMIC_NO_PIC = NO;
				GCC_NO_COMMON_BLOCKS = YES;
				GCC_OPTIMIZATION_LEVEL = 0;
				GCC_PREPROCESSOR_DEFINITIONS = (
					"DEBUG=1",
					"$(inherited)",
				);
				GCC_WARN_64_TO_32_BIT_CONVERSION = YES;
				GCC_WARN_ABOUT_RETURN_TYPE = YES_ERROR;
				GCC_WARN_UNDECLARED_SELECTOR = YES;
				GCC_WARN_UNINITIALIZED_AUTOS = YES_AGGRESSIVE;
				GCC_WARN_UNUSED_FUNCTION = YES;
				GCC_WARN_UNUSED_VARIABLE = YES;
				IPHONEOS_DEPLOYMENT_TARGET = 14.4;
				MTL_ENABLE_DEBUG_INFO = INCLUDE_SOURCE;
				MTL_FAST_MATH = YES;
				ONLY_ACTIVE_ARCH = YES;
				SDKROOT = iphoneos;
				SWIFT_ACTIVE_COMPILATION_CONDITIONS = DEBUG;
				SWIFT_OPTIMIZATION_LEVEL = "-Onone";
			};
			name = Debug;
		};
		910DE11326322B0400D53A41 /* Release */ = {
			isa = XCBuildConfiguration;
			buildSettings = {
				ALWAYS_SEARCH_USER_PATHS = NO;
				CLANG_ANALYZER_NONNULL = YES;
				CLANG_ANALYZER_NUMBER_OBJECT_CONVERSION = YES_AGGRESSIVE;
				CLANG_CXX_LANGUAGE_STANDARD = "gnu++14";
				CLANG_CXX_LIBRARY = "libc++";
				CLANG_ENABLE_MODULES = YES;
				CLANG_ENABLE_OBJC_ARC = YES;
				CLANG_ENABLE_OBJC_WEAK = YES;
				CLANG_WARN_BLOCK_CAPTURE_AUTORELEASING = YES;
				CLANG_WARN_BOOL_CONVERSION = YES;
				CLANG_WARN_COMMA = YES;
				CLANG_WARN_CONSTANT_CONVERSION = YES;
				CLANG_WARN_DEPRECATED_OBJC_IMPLEMENTATIONS = YES;
				CLANG_WARN_DIRECT_OBJC_ISA_USAGE = YES_ERROR;
				CLANG_WARN_DOCUMENTATION_COMMENTS = YES;
				CLANG_WARN_EMPTY_BODY = YES;
				CLANG_WARN_ENUM_CONVERSION = YES;
				CLANG_WARN_INFINITE_RECURSION = YES;
				CLANG_WARN_INT_CONVERSION = YES;
				CLANG_WARN_NON_LITERAL_NULL_CONVERSION = YES;
				CLANG_WARN_OBJC_IMPLICIT_RETAIN_SELF = YES;
				CLANG_WARN_OBJC_LITERAL_CONVERSION = YES;
				CLANG_WARN_OBJC_ROOT_CLASS = YES_ERROR;
				CLANG_WARN_QUOTED_INCLUDE_IN_FRAMEWORK_HEADER = YES;
				CLANG_WARN_RANGE_LOOP_ANALYSIS = YES;
				CLANG_WARN_STRICT_PROTOTYPES = YES;
				CLANG_WARN_SUSPICIOUS_MOVE = YES;
				CLANG_WARN_UNGUARDED_AVAILABILITY = YES_AGGRESSIVE;
				CLANG_WARN_UNREACHABLE_CODE = YES;
				CLANG_WARN__DUPLICATE_METHOD_MATCH = YES;
				COPY_PHASE_STRIP = NO;
				DEBUG_INFORMATION_FORMAT = "dwarf-with-dsym";
				ENABLE_NS_ASSERTIONS = NO;
				ENABLE_STRICT_OBJC_MSGSEND = YES;
				GCC_C_LANGUAGE_STANDARD = gnu11;
				GCC_NO_COMMON_BLOCKS = YES;
				GCC_WARN_64_TO_32_BIT_CONVERSION = YES;
				GCC_WARN_ABOUT_RETURN_TYPE = YES_ERROR;
				GCC_WARN_UNDECLARED_SELECTOR = YES;
				GCC_WARN_UNINITIALIZED_AUTOS = YES_AGGRESSIVE;
				GCC_WARN_UNUSED_FUNCTION = YES;
				GCC_WARN_UNUSED_VARIABLE = YES;
				IPHONEOS_DEPLOYMENT_TARGET = 14.4;
				MTL_ENABLE_DEBUG_INFO = NO;
				MTL_FAST_MATH = YES;
				SDKROOT = iphoneos;
				SWIFT_COMPILATION_MODE = wholemodule;
				SWIFT_OPTIMIZATION_LEVEL = "-O";
				VALIDATE_PRODUCT = YES;
			};
			name = Release;
		};
		910DE11526322B0400D53A41 /* Debug */ = {
			isa = XCBuildConfiguration;
			buildSettings = {
				ASSETCATALOG_COMPILER_APPICON_NAME = AppIcon;
				ASSETCATALOG_COMPILER_GLOBAL_ACCENT_COLOR_NAME = AccentColor;
				CODE_SIGN_STYLE = Automatic;
				DEVELOPMENT_TEAM = 9958F8RBQ9;
				INFOPLIST_FILE = checkList/Info.plist;
				IPHONEOS_DEPLOYMENT_TARGET = 14.5;
				LD_RUNPATH_SEARCH_PATHS = (
					"$(inherited)",
					"@executable_path/Frameworks",
				);
				PRODUCT_BUNDLE_IDENTIFIER = com.dasGarmi.checkList;
				PRODUCT_NAME = "$(TARGET_NAME)";
				SWIFT_VERSION = 5.0;
				TARGETED_DEVICE_FAMILY = 1;
			};
			name = Debug;
		};
		910DE11626322B0400D53A41 /* Release */ = {
			isa = XCBuildConfiguration;
			buildSettings = {
				ASSETCATALOG_COMPILER_APPICON_NAME = AppIcon;
				ASSETCATALOG_COMPILER_GLOBAL_ACCENT_COLOR_NAME = AccentColor;
				CODE_SIGN_STYLE = Automatic;
				DEVELOPMENT_TEAM = 9958F8RBQ9;
				INFOPLIST_FILE = checkList/Info.plist;
				IPHONEOS_DEPLOYMENT_TARGET = 14.5;
				LD_RUNPATH_SEARCH_PATHS = (
					"$(inherited)",
					"@executable_path/Frameworks",
				);
				PRODUCT_BUNDLE_IDENTIFIER = com.dasGarmi.checkList;
				PRODUCT_NAME = "$(TARGET_NAME)";
				SWIFT_VERSION = 5.0;
				TARGETED_DEVICE_FAMILY = 1;
			};
			name = Release;
		};
/* End XCBuildConfiguration section */

/* Begin XCConfigurationList section */
		910DE0FB26322AFD00D53A41 /* Build configuration list for PBXProject "checkList" */ = {
			isa = XCConfigurationList;
			buildConfigurations = (
				910DE11226322B0400D53A41 /* Debug */,
				910DE11326322B0400D53A41 /* Release */,
			);
			defaultConfigurationIsVisible = 0;
			defaultConfigurationName = Release;
		};
		910DE11426322B0400D53A41 /* Build configuration list for PBXNativeTarget "checkList" */ = {
			isa = XCConfigurationList;
			buildConfigurations = (
				910DE11526322B0400D53A41 /* Debug */,
				910DE11626322B0400D53A41 /* Release */,
			);
			defaultConfigurationIsVisible = 0;
			defaultConfigurationName = Release;
		};
/* End XCConfigurationList section */
	};
	rootObject = 910DE0F826322AFD00D53A41 /* Project object */;
}
